
Microsoft Visual Studio Solution File, Format Version 12.00
# Visual Studio Version 17
VisualStudioVersion = 17.0.31903.59
MinimumVisualStudioVersion = 10.0.40219.1
Project("{FAE04EC0-301F-11D3-BF4B-00C04F79EFBC}") = "Lib1", "Lib1\Lib1.csproj", "{F56AFD87-32B1-4704-8F36-4903755CA2DA}"
EndProject
Project("{FAE04EC0-301F-11D3-BF4B-00C04F79EFBC}") = "Lib2", "Lib2\Lib2.csproj", "{8D5C82DE-5B6D-4389-9F88-3C1227BFB41F}"
EndProject
Global
	GlobalSection(SolutionConfigurationPlatforms) = preSolution
		Debug|Any CPU = Debug|Any CPU
		Release|Any CPU = Release|Any CPU
	EndGlobalSection
	GlobalSection(SolutionProperties) = preSolution
		HideSolutionNode = FALSE
	EndGlobalSection
	GlobalSection(ProjectConfigurationPlatforms) = postSolution
		{F56AFD87-32B1-4704-8F36-4903755CA2DA}.Debug|Any CPU.ActiveCfg = Debug|Any CPU
		{F56AFD87-32B1-4704-8F36-4903755CA2DA}.Debug|Any CPU.Build.0 = Debug|Any CPU
		{F56AFD87-32B1-4704-8F36-4903755CA2DA}.Release|Any CPU.ActiveCfg = Release|Any CPU
		{F56AFD87-32B1-4704-8F36-4903755CA2DA}.Release|Any CPU.Build.0 = Release|Any CPU
		{8D5C82DE-5B6D-4389-9F88-3C1227BFB41F}.Debug|Any CPU.ActiveCfg = Debug|Any CPU
		{8D5C82DE-5B6D-4389-9F88-3C1227BFB41F}.Debug|Any CPU.Build.0 = Debug|Any CPU
		{8D5C82DE-5B6D-4389-9F88-3C1227BFB41F}.Release|Any CPU.ActiveCfg = Release|Any CPU
		{8D5C82DE-5B6D-4389-9F88-3C1227BFB41F}.Release|Any CPU.Build.0 = Release|Any CPU
	EndGlobalSection
EndGlobal
