{
  "version": 2,
  "dependencies": {
    "net6.0": {
      "MediatR": {
        "type": "Direct",
        "requested": "[12.2.0, )",
        "resolved": "12.2.0",
        "contentHash": "8TUFrHapKi6D74PhnSNEguRsH91HNGyP3R4ZQdgDorJgl9Wac5Prh0vA33QfrniAaS6L2xNNhc6vxzg+5AIbwA==",
        "dependencies": {
          "MediatR.Contracts": "[2.0.1, 3.0.0)",
          "Microsoft.Extensions.DependencyInjection.Abstractions": "8.0.0"
        }
      },
      "MediatR.Contracts": {
        "type": "Transitive",
        "resolved": "2.0.1",
        "contentHash": "FYv95bNT4UwcNA+G/J1oX5OpRiSUxteXaUt2BJbRSdRNiIUNbggJF69wy6mnk2wYToaanpdXZdCwVylt96MpwQ=="
      },
      "Microsoft.Extensions.DependencyInjection.Abstractions": {
        "type": "Transitive",
        "resolved": "8.0.0",
        "contentHash": "cjWrLkJXK0rs4zofsK4bSdg+jhDLTaxrkXu4gS6Y7MAlCvRyNNgwY/lJi5RDlQOnSZweHqoyvgvbdvQsRIW+hg=="
      }
    }
  }
}